
Microsoft Visual Studio Solution File, Format Version 12.00
# Visual Studio 14
VisualStudioVersion = 14.0.25420.1
MinimumVisualStudioVersion = 10.0.40219.1
Project("{FAE04EC0-301F-11D3-BF4B-00C04F79EFBC}") = "AnketV2", "AnketV2\AnketV2.csproj", "{FC7C9BBB-0B21-449C-807F-621A4BAFEE43}"
EndProject
Project("{FAE04EC0-301F-11D3-BF4B-00C04F79EFBC}") = "DAL", "DAL\DAL.csproj", "{55E57A3B-9A24-4D47-BE1B-FC85D3E276E8}"
EndProject
Project("{FAE04EC0-301F-11D3-BF4B-00C04F79EFBC}") = "Entity", "Entity\Entity.csproj", "{24ABFD63-7F41-43E6-98A1-AA0E28792A45}"
EndProject
Global
	GlobalSection(SolutionConfigurationPlatforms) = preSolution
		Debug|Any CPU = Debug|Any CPU
		Release|Any CPU = Release|Any CPU
	EndGlobalSection
	GlobalSection(ProjectConfigurationPlatforms) = postSolution
		{FC7C9BBB-0B21-449C-807F-621A4BAFEE43}.Debug|Any CPU.ActiveCfg = Debug|Any CPU
		{FC7C9BBB-0B21-449C-807F-621A4BAFEE43}.Debug|Any CPU.Build.0 = Debug|Any CPU
		{FC7C9BBB-0B21-449C-807F-621A4BAFEE43}.Release|Any CPU.ActiveCfg = Release|Any CPU
		{FC7C9BBB-0B21-449C-807F-621A4BAFEE43}.Release|Any CPU.Build.0 = Release|Any CPU
		{55E57A3B-9A24-4D47-BE1B-FC85D3E276E8}.Debug|Any CPU.ActiveCfg = Debug|Any CPU
		{55E57A3B-9A24-4D47-BE1B-FC85D3E276E8}.Debug|Any CPU.Build.0 = Debug|Any CPU
		{55E57A3B-9A24-4D47-BE1B-FC85D3E276E8}.Release|Any CPU.ActiveCfg = Release|Any CPU
		{55E57A3B-9A24-4D47-BE1B-FC85D3E276E8}.Release|Any CPU.Build.0 = Release|Any CPU
		{24ABFD63-7F41-43E6-98A1-AA0E28792A45}.Debug|Any CPU.ActiveCfg = Debug|Any CPU
		{24ABFD63-7F41-43E6-98A1-AA0E28792A45}.Debug|Any CPU.Build.0 = Debug|Any CPU
		{24ABFD63-7F41-43E6-98A1-AA0E28792A45}.Release|Any CPU.ActiveCfg = Release|Any CPU
		{24ABFD63-7F41-43E6-98A1-AA0E28792A45}.Release|Any CPU.Build.0 = Release|Any CPU
	EndGlobalSection
	GlobalSection(SolutionProperties) = preSolution
		HideSolutionNode = FALSE
	EndGlobalSection
EndGlobal
